
Microsoft Visual Studio Solution File, Format Version 12.00
# Visual Studio Version 17
VisualStudioVersion = 17.9.34728.123
MinimumVisualStudioVersion = 10.0.40219.1
Project("{2150E333-8FDC-42A3-9474-1A3956D46DE8}") = "Solution Items", "Solution Items", "{0889E13A-E677-43C3-9EF4-79C39FFB0500}"
	ProjectSection(SolutionItems) = preProject
		.editorconfig = .editorconfig
	EndProjectSection
EndProject
Project("{9A19103F-16F7-4668-BE54-9A1E7A4F7556}") = "Chatbot", "Chatbot\Chatbot.csproj", "{195BFF5C-5377-49BA-9496-F9B5666D5B7E}"
EndProject
Global
	GlobalSection(SolutionConfigurationPlatforms) = preSolution
		Debug|Any CPU = Debug|Any CPU
		Release|Any CPU = Release|Any CPU
	EndGlobalSection
	GlobalSection(ProjectConfigurationPlatforms) = postSolution
		{195BFF5C-5377-49BA-9496-F9B5666D5B7E}.Debug|Any CPU.ActiveCfg = Debug|Any CPU
		{195BFF5C-5377-49BA-9496-F9B5666D5B7E}.Debug|Any CPU.Build.0 = Debug|Any CPU
		{195BFF5C-5377-49BA-9496-F9B5666D5B7E}.Debug|Any CPU.Deploy.0 = Debug|Any CPU
		{195BFF5C-5377-49BA-9496-F9B5666D5B7E}.Release|Any CPU.ActiveCfg = Release|Any CPU
		{195BFF5C-5377-49BA-9496-F9B5666D5B7E}.Release|Any CPU.Build.0 = Release|Any CPU
		{195BFF5C-5377-49BA-9496-F9B5666D5B7E}.Release|Any CPU.Deploy.0 = Release|Any CPU
	EndGlobalSection
	GlobalSection(SolutionProperties) = preSolution
		HideSolutionNode = FALSE
	EndGlobalSection
	GlobalSection(ExtensibilityGlobals) = postSolution
		SolutionGuid = {88A3D33B-A546-4AC4-9F18-56FE3BEA2BB3}
	EndGlobalSection
EndGlobal
